// !$*UTF8*$!
{
	archiveVersion = 1;
	classes = {
	};
	objectVersion = 46;
	objects = {

/* Begin PBXBuildFile section */
		1D3623260D0F684500981E51 /* NTRSSReaderAppDelegate.m in Sources */ = {isa = PBXBuildFile; fileRef = 1D3623250D0F684500981E51 /* NTRSSReaderAppDelegate.m */; };
		1D60589B0D05DD56006BFB54 /* main.m in Sources */ = {isa = PBXBuildFile; fileRef = 29B97316FDCFA39411CA2CEA /* main.m */; };
		1D60589F0D05DD5A006BFB54 /* Foundation.framework in Frameworks */ = {isa = PBXBuildFile; fileRef = 1D30AB110D05D00D00671497 /* Foundation.framework */; };
		1DF5F4E00D08C38300B7A737 /* UIKit.framework in Frameworks */ = {isa = PBXBuildFile; fileRef = 1DF5F4DF0D08C38300B7A737 /* UIKit.framework */; };
		28193060112F816700ECF9B4 /* NTRSSReader.xcdatamodeld in Sources */ = {isa = PBXBuildFile; fileRef = 2819305F112F816700ECF9B4 /* NTRSSReader.xcdatamodeld */; };
		288765A50DF7441C002DB57D /* CoreGraphics.framework in Frameworks */ = {isa = PBXBuildFile; fileRef = 288765A40DF7441C002DB57D /* CoreGraphics.framework */; };
		28AD733F0D9D9553002E5188 /* MainWindow.xib in Resources */ = {isa = PBXBuildFile; fileRef = 28AD733E0D9D9553002E5188 /* MainWindow.xib */; };
		28D801B40F44B63D00FB423F /* CoreData.framework in Frameworks */ = {isa = PBXBuildFile; fileRef = 28D801B30F44B63D00FB423F /* CoreData.framework */; };
		E21AFA0613CE1473004E1F5D /* ArticleViewController.m in Sources */ = {isa = PBXBuildFile; fileRef = E21AFA0513CE1473004E1F5D /* ArticleViewController.m */; };
		E21AFA3613CE16F3004E1F5D /* NTErrorHandler.m in Sources */ = {isa = PBXBuildFile; fileRef = E21AFA3513CE16F3004E1F5D /* NTErrorHandler.m */; };
		E21AFA4A13CE1AE7004E1F5D /* NTToolbar.m in Sources */ = {isa = PBXBuildFile; fileRef = E21AFA4913CE1AE7004E1F5D /* NTToolbar.m */; };
		E21AFAE013CE21AC004E1F5D /* NTRSSLoader.m in Sources */ = {isa = PBXBuildFile; fileRef = E21AFADF13CE21AC004E1F5D /* NTRSSLoader.m */; };
		E27B270513CA5E1C00CCED45 /* MainWindow-iPad.xib in Resources */ = {isa = PBXBuildFile; fileRef = E27B270413CA5E1C00CCED45 /* MainWindow-iPad.xib */; };
		E2ABC9B713C7DDE80067D8CE /* GHUnitIOS.framework in Frameworks */ = {isa = PBXBuildFile; fileRef = E2ABC9B613C7DDE80067D8CE /* GHUnitIOS.framework */; };
		E2ABC9D613C7DEB60067D8CE /* CoreGraphics.framework in Frameworks */ = {isa = PBXBuildFile; fileRef = 288765A40DF7441C002DB57D /* CoreGraphics.framework */; };
		E2ABC9D713C7DEB60067D8CE /* Foundation.framework in Frameworks */ = {isa = PBXBuildFile; fileRef = 1D30AB110D05D00D00671497 /* Foundation.framework */; };
		E2ABC9D813C7DEB60067D8CE /* UIKit.framework in Frameworks */ = {isa = PBXBuildFile; fileRef = 1DF5F4DF0D08C38300B7A737 /* UIKit.framework */; };
		E2ABC9DC13C7E0990067D8CE /* GHUnitIOSTestMain.m in Sources */ = {isa = PBXBuildFile; fileRef = E2ABC9DB13C7E0990067D8CE /* GHUnitIOSTestMain.m */; };
		E2ABCA1813C7E22B0067D8CE /* ReaderTests.m in Sources */ = {isa = PBXBuildFile; fileRef = E2ABCA1713C7E22B0067D8CE /* ReaderTests.m */; };
		E2EDEB9F13C65B6C004EA1B9 /* ASIAuthenticationDialog.m in Sources */ = {isa = PBXBuildFile; fileRef = E2EDEB8613C65B6C004EA1B9 /* ASIAuthenticationDialog.m */; };
		E2EDEBA013C65B6C004EA1B9 /* ASIDataCompressor.m in Sources */ = {isa = PBXBuildFile; fileRef = E2EDEB8913C65B6C004EA1B9 /* ASIDataCompressor.m */; };
		E2EDEBA113C65B6C004EA1B9 /* ASIDataDecompressor.m in Sources */ = {isa = PBXBuildFile; fileRef = E2EDEB8B13C65B6C004EA1B9 /* ASIDataDecompressor.m */; };
		E2EDEBA213C65B6C004EA1B9 /* ASIDownloadCache.m in Sources */ = {isa = PBXBuildFile; fileRef = E2EDEB8D13C65B6C004EA1B9 /* ASIDownloadCache.m */; };
		E2EDEBA313C65B6C004EA1B9 /* ASIFormDataRequest.m in Sources */ = {isa = PBXBuildFile; fileRef = E2EDEB8F13C65B6C004EA1B9 /* ASIFormDataRequest.m */; };
		E2EDEBA413C65B6C004EA1B9 /* ASIHTTPRequest.m in Sources */ = {isa = PBXBuildFile; fileRef = E2EDEB9113C65B6C004EA1B9 /* ASIHTTPRequest.m */; };
		E2EDEBA513C65B6C004EA1B9 /* ASIInputStream.m in Sources */ = {isa = PBXBuildFile; fileRef = E2EDEB9513C65B6C004EA1B9 /* ASIInputStream.m */; };
		E2EDEBA613C65B6C004EA1B9 /* ASINetworkQueue.m in Sources */ = {isa = PBXBuildFile; fileRef = E2EDEB9713C65B6C004EA1B9 /* ASINetworkQueue.m */; };
		E2EDEBA713C65B6C004EA1B9 /* Reachability.m in Sources */ = {isa = PBXBuildFile; fileRef = E2EDEB9B13C65B6C004EA1B9 /* Reachability.m */; };
		E2EDEBA813C65B6C004EA1B9 /* GDataXMLNode.m in Sources */ = {isa = PBXBuildFile; fileRef = E2EDEB9E13C65B6C004EA1B9 /* GDataXMLNode.m */; };
		E2EDEBB313C65C9C004EA1B9 /* CFNetwork.framework in Frameworks */ = {isa = PBXBuildFile; fileRef = E2EDEBB213C65C9C004EA1B9 /* CFNetwork.framework */; };
		E2EDEBB513C65C9C004EA1B9 /* MobileCoreServices.framework in Frameworks */ = {isa = PBXBuildFile; fileRef = E2EDEBB413C65C9C004EA1B9 /* MobileCoreServices.framework */; };
		E2EDEBB713C65C9C004EA1B9 /* SystemConfiguration.framework in Frameworks */ = {isa = PBXBuildFile; fileRef = E2EDEBB613C65C9C004EA1B9 /* SystemConfiguration.framework */; };
		E2EDEBB913C65C9C004EA1B9 /* libz.1.2.3.dylib in Frameworks */ = {isa = PBXBuildFile; fileRef = E2EDEBB813C65C9C004EA1B9 /* libz.1.2.3.dylib */; };
		E2EDEC8013C66889004EA1B9 /* RootViewController.m in Sources */ = {isa = PBXBuildFile; fileRef = E2EDEC7E13C66889004EA1B9 /* RootViewController.m */; };
		E2EDEC8113C66889004EA1B9 /* RootViewController.xib in Resources */ = {isa = PBXBuildFile; fileRef = E2EDEC7F13C66889004EA1B9 /* RootViewController.xib */; };
		E2F5A6C813CBADC000A2169B /* Item.m in Sources */ = {isa = PBXBuildFile; fileRef = E2F5A6C713CBADC000A2169B /* Item.m */; };
/* End PBXBuildFile section */

/* Begin PBXContainerItemProxy section */
		E2ABC9D113C7DE9A0067D8CE /* PBXContainerItemProxy */ = {
			isa = PBXContainerItemProxy;
			containerPortal = 29B97313FDCFA39411CA2CEA /* Project object */;
			proxyType = 1;
			remoteGlobalIDString = 1D6058900D05DD3D006BFB54;
			remoteInfo = NTRSSReader;
		};
/* End PBXContainerItemProxy section */

/* Begin PBXFileReference section */
		1D30AB110D05D00D00671497 /* Foundation.framework */ = {isa = PBXFileReference; lastKnownFileType = wrapper.framework; name = Foundation.framework; path = System/Library/Frameworks/Foundation.framework; sourceTree = SDKROOT; };
		1D3623240D0F684500981E51 /* NTRSSReaderAppDelegate.h */ = {isa = PBXFileReference; fileEncoding = 4; lastKnownFileType = sourcecode.c.h; path = NTRSSReaderAppDelegate.h; sourceTree = "<group>"; };
		1D3623250D0F684500981E51 /* NTRSSReaderAppDelegate.m */ = {isa = PBXFileReference; fileEncoding = 4; lastKnownFileType = sourcecode.c.objc; path = NTRSSReaderAppDelegate.m; sourceTree = "<group>"; };
		1D6058910D05DD3D006BFB54 /* NTRSSReader.app */ = {isa = PBXFileReference; explicitFileType = wrapper.application; includeInIndex = 0; path = NTRSSReader.app; sourceTree = BUILT_PRODUCTS_DIR; };
		1DF5F4DF0D08C38300B7A737 /* UIKit.framework */ = {isa = PBXFileReference; lastKnownFileType = wrapper.framework; name = UIKit.framework; path = System/Library/Frameworks/UIKit.framework; sourceTree = SDKROOT; };
		288765A40DF7441C002DB57D /* CoreGraphics.framework */ = {isa = PBXFileReference; lastKnownFileType = wrapper.framework; name = CoreGraphics.framework; path = System/Library/Frameworks/CoreGraphics.framework; sourceTree = SDKROOT; };
		28AD733E0D9D9553002E5188 /* MainWindow.xib */ = {isa = PBXFileReference; lastKnownFileType = file.xib; path = MainWindow.xib; sourceTree = "<group>"; };
		28C3AD890F43EF2300507BA6 /* NTRSSReader.xcdatamodel */ = {isa = PBXFileReference; fileEncoding = 4; lastKnownFileType = wrapper.xcdatamodel; path = NTRSSReader.xcdatamodel; sourceTree = "<group>"; };
		28D801B30F44B63D00FB423F /* CoreData.framework */ = {isa = PBXFileReference; lastKnownFileType = wrapper.framework; name = CoreData.framework; path = System/Library/Frameworks/CoreData.framework; sourceTree = SDKROOT; };
		29B97316FDCFA39411CA2CEA /* main.m */ = {isa = PBXFileReference; fileEncoding = 4; lastKnownFileType = sourcecode.c.objc; path = main.m; sourceTree = "<group>"; };
		32CA4F630368D1EE00C91783 /* NTRSSReader_Prefix.pch */ = {isa = PBXFileReference; fileEncoding = 4; lastKnownFileType = sourcecode.c.h; path = NTRSSReader_Prefix.pch; sourceTree = "<group>"; };
		8D1107310486CEB800E47090 /* NTRSSReader-Info.plist */ = {isa = PBXFileReference; fileEncoding = 4; lastKnownFileType = text.plist.xml; path = "NTRSSReader-Info.plist"; plistStructureDefinitionIdentifier = "com.apple.xcode.plist.structure-definition.iphone.info-plist"; sourceTree = "<group>"; };
		E21AFA0413CE1473004E1F5D /* ArticleViewController.h */ = {isa = PBXFileReference; fileEncoding = 4; lastKnownFileType = sourcecode.c.h; path = ArticleViewController.h; sourceTree = "<group>"; };
		E21AFA0513CE1473004E1F5D /* ArticleViewController.m */ = {isa = PBXFileReference; fileEncoding = 4; lastKnownFileType = sourcecode.c.objc; path = ArticleViewController.m; sourceTree = "<group>"; };
		E21AFA3413CE16F3004E1F5D /* NTErrorHandler.h */ = {isa = PBXFileReference; fileEncoding = 4; lastKnownFileType = sourcecode.c.h; path = NTErrorHandler.h; sourceTree = "<group>"; };
		E21AFA3513CE16F3004E1F5D /* NTErrorHandler.m */ = {isa = PBXFileReference; fileEncoding = 4; lastKnownFileType = sourcecode.c.objc; path = NTErrorHandler.m; sourceTree = "<group>"; };
		E21AFA4813CE1AE7004E1F5D /* NTToolbar.h */ = {isa = PBXFileReference; fileEncoding = 4; lastKnownFileType = sourcecode.c.h; path = NTToolbar.h; sourceTree = "<group>"; };
		E21AFA4913CE1AE7004E1F5D /* NTToolbar.m */ = {isa = PBXFileReference; fileEncoding = 4; lastKnownFileType = sourcecode.c.objc; path = NTToolbar.m; sourceTree = "<group>"; };
		E21AFADE13CE21AC004E1F5D /* NTRSSLoader.h */ = {isa = PBXFileReference; fileEncoding = 4; lastKnownFileType = sourcecode.c.h; path = NTRSSLoader.h; sourceTree = "<group>"; };
		E21AFADF13CE21AC004E1F5D /* NTRSSLoader.m */ = {isa = PBXFileReference; fileEncoding = 4; lastKnownFileType = sourcecode.c.objc; path = NTRSSLoader.m; sourceTree = "<group>"; };
		E27B270413CA5E1C00CCED45 /* MainWindow-iPad.xib */ = {isa = PBXFileReference; lastKnownFileType = file.xib; name = "MainWindow-iPad.xib"; path = "Resources-iPad/MainWindow-iPad.xib"; sourceTree = "<group>"; };
		E282113213D0E78900E0D583 /* Config.h */ = {isa = PBXFileReference; fileEncoding = 4; lastKnownFileType = sourcecode.c.h; path = Config.h; sourceTree = "<group>"; };
		E2ABC99613C7DC8D0067D8CE /* NTRSSReaderTests.app */ = {isa = PBXFileReference; explicitFileType = wrapper.application; includeInIndex = 0; path = NTRSSReaderTests.app; sourceTree = BUILT_PRODUCTS_DIR; };
		E2ABC99813C7DC8D0067D8CE /* Tests-Info.plist */ = {isa = PBXFileReference; lastKnownFileType = text.plist.xml; path = "Tests-Info.plist"; sourceTree = "<group>"; };
		E2ABC9B613C7DDE80067D8CE /* GHUnitIOS.framework */ = {isa = PBXFileReference; lastKnownFileType = wrapper.framework; name = GHUnitIOS.framework; path = ../ntrssreader/lib/GHUnitIOS.framework; sourceTree = SOURCE_ROOT; };
		E2ABC9D013C7DE410067D8CE /* Tests_Prefix.pch */ = {isa = PBXFileReference; fileEncoding = 4; lastKnownFileType = sourcecode.c.h; name = Tests_Prefix.pch; path = ../ntrssreader/Tests_Prefix.pch; sourceTree = SOURCE_ROOT; };
		E2ABC9DB13C7E0990067D8CE /* GHUnitIOSTestMain.m */ = {isa = PBXFileReference; fileEncoding = 4; lastKnownFileType = sourcecode.c.objc; name = GHUnitIOSTestMain.m; path = ../ntrssreader/Tests/GHUnitIOSTestMain.m; sourceTree = SOURCE_ROOT; };
		E2ABCA1713C7E22B0067D8CE /* ReaderTests.m */ = {isa = PBXFileReference; fileEncoding = 4; lastKnownFileType = sourcecode.c.objc; name = ReaderTests.m; path = ../ntrssreader/Tests/ReaderTests.m; sourceTree = SOURCE_ROOT; };
		E2EDEB8513C65B6C004EA1B9 /* ASIAuthenticationDialog.h */ = {isa = PBXFileReference; fileEncoding = 4; lastKnownFileType = sourcecode.c.h; path = ASIAuthenticationDialog.h; sourceTree = "<group>"; };
		E2EDEB8613C65B6C004EA1B9 /* ASIAuthenticationDialog.m */ = {isa = PBXFileReference; fileEncoding = 4; lastKnownFileType = sourcecode.c.objc; path = ASIAuthenticationDialog.m; sourceTree = "<group>"; };
		E2EDEB8713C65B6C004EA1B9 /* ASICacheDelegate.h */ = {isa = PBXFileReference; fileEncoding = 4; lastKnownFileType = sourcecode.c.h; path = ASICacheDelegate.h; sourceTree = "<group>"; };
		E2EDEB8813C65B6C004EA1B9 /* ASIDataCompressor.h */ = {isa = PBXFileReference; fileEncoding = 4; lastKnownFileType = sourcecode.c.h; path = ASIDataCompressor.h; sourceTree = "<group>"; };
		E2EDEB8913C65B6C004EA1B9 /* ASIDataCompressor.m */ = {isa = PBXFileReference; fileEncoding = 4; lastKnownFileType = sourcecode.c.objc; path = ASIDataCompressor.m; sourceTree = "<group>"; };
		E2EDEB8A13C65B6C004EA1B9 /* ASIDataDecompressor.h */ = {isa = PBXFileReference; fileEncoding = 4; lastKnownFileType = sourcecode.c.h; path = ASIDataDecompressor.h; sourceTree = "<group>"; };
		E2EDEB8B13C65B6C004EA1B9 /* ASIDataDecompressor.m */ = {isa = PBXFileReference; fileEncoding = 4; lastKnownFileType = sourcecode.c.objc; path = ASIDataDecompressor.m; sourceTree = "<group>"; };
		E2EDEB8C13C65B6C004EA1B9 /* ASIDownloadCache.h */ = {isa = PBXFileReference; fileEncoding = 4; lastKnownFileType = sourcecode.c.h; path = ASIDownloadCache.h; sourceTree = "<group>"; };
		E2EDEB8D13C65B6C004EA1B9 /* ASIDownloadCache.m */ = {isa = PBXFileReference; fileEncoding = 4; lastKnownFileType = sourcecode.c.objc; path = ASIDownloadCache.m; sourceTree = "<group>"; };
		E2EDEB8E13C65B6C004EA1B9 /* ASIFormDataRequest.h */ = {isa = PBXFileReference; fileEncoding = 4; lastKnownFileType = sourcecode.c.h; path = ASIFormDataRequest.h; sourceTree = "<group>"; };
		E2EDEB8F13C65B6C004EA1B9 /* ASIFormDataRequest.m */ = {isa = PBXFileReference; fileEncoding = 4; lastKnownFileType = sourcecode.c.objc; path = ASIFormDataRequest.m; sourceTree = "<group>"; };
		E2EDEB9013C65B6C004EA1B9 /* ASIHTTPRequest.h */ = {isa = PBXFileReference; fileEncoding = 4; lastKnownFileType = sourcecode.c.h; path = ASIHTTPRequest.h; sourceTree = "<group>"; };
		E2EDEB9113C65B6C004EA1B9 /* ASIHTTPRequest.m */ = {isa = PBXFileReference; fileEncoding = 4; lastKnownFileType = sourcecode.c.objc; path = ASIHTTPRequest.m; sourceTree = "<group>"; };
		E2EDEB9213C65B6C004EA1B9 /* ASIHTTPRequestConfig.h */ = {isa = PBXFileReference; fileEncoding = 4; lastKnownFileType = sourcecode.c.h; path = ASIHTTPRequestConfig.h; sourceTree = "<group>"; };
		E2EDEB9313C65B6C004EA1B9 /* ASIHTTPRequestDelegate.h */ = {isa = PBXFileReference; fileEncoding = 4; lastKnownFileType = sourcecode.c.h; path = ASIHTTPRequestDelegate.h; sourceTree = "<group>"; };
		E2EDEB9413C65B6C004EA1B9 /* ASIInputStream.h */ = {isa = PBXFileReference; fileEncoding = 4; lastKnownFileType = sourcecode.c.h; path = ASIInputStream.h; sourceTree = "<group>"; };
		E2EDEB9513C65B6C004EA1B9 /* ASIInputStream.m */ = {isa = PBXFileReference; fileEncoding = 4; lastKnownFileType = sourcecode.c.objc; path = ASIInputStream.m; sourceTree = "<group>"; };
		E2EDEB9613C65B6C004EA1B9 /* ASINetworkQueue.h */ = {isa = PBXFileReference; fileEncoding = 4; lastKnownFileType = sourcecode.c.h; path = ASINetworkQueue.h; sourceTree = "<group>"; };
		E2EDEB9713C65B6C004EA1B9 /* ASINetworkQueue.m */ = {isa = PBXFileReference; fileEncoding = 4; lastKnownFileType = sourcecode.c.objc; path = ASINetworkQueue.m; sourceTree = "<group>"; };
		E2EDEB9813C65B6C004EA1B9 /* ASIProgressDelegate.h */ = {isa = PBXFileReference; fileEncoding = 4; lastKnownFileType = sourcecode.c.h; path = ASIProgressDelegate.h; sourceTree = "<group>"; };
		E2EDEB9A13C65B6C004EA1B9 /* Reachability.h */ = {isa = PBXFileReference; fileEncoding = 4; lastKnownFileType = sourcecode.c.h; path = Reachability.h; sourceTree = "<group>"; };
		E2EDEB9B13C65B6C004EA1B9 /* Reachability.m */ = {isa = PBXFileReference; fileEncoding = 4; lastKnownFileType = sourcecode.c.objc; path = Reachability.m; sourceTree = "<group>"; };
		E2EDEB9D13C65B6C004EA1B9 /* GDataXMLNode.h */ = {isa = PBXFileReference; fileEncoding = 4; lastKnownFileType = sourcecode.c.h; path = GDataXMLNode.h; sourceTree = "<group>"; };
		E2EDEB9E13C65B6C004EA1B9 /* GDataXMLNode.m */ = {isa = PBXFileReference; fileEncoding = 4; lastKnownFileType = sourcecode.c.objc; path = GDataXMLNode.m; sourceTree = "<group>"; };
		E2EDEBB213C65C9C004EA1B9 /* CFNetwork.framework */ = {isa = PBXFileReference; lastKnownFileType = wrapper.framework; name = CFNetwork.framework; path = System/Library/Frameworks/CFNetwork.framework; sourceTree = SDKROOT; };
		E2EDEBB413C65C9C004EA1B9 /* MobileCoreServices.framework */ = {isa = PBXFileReference; lastKnownFileType = wrapper.framework; name = MobileCoreServices.framework; path = System/Library/Frameworks/MobileCoreServices.framework; sourceTree = SDKROOT; };
		E2EDEBB613C65C9C004EA1B9 /* SystemConfiguration.framework */ = {isa = PBXFileReference; lastKnownFileType = wrapper.framework; name = SystemConfiguration.framework; path = System/Library/Frameworks/SystemConfiguration.framework; sourceTree = SDKROOT; };
		E2EDEBB813C65C9C004EA1B9 /* libz.1.2.3.dylib */ = {isa = PBXFileReference; lastKnownFileType = "compiled.mach-o.dylib"; name = libz.1.2.3.dylib; path = usr/lib/libz.1.2.3.dylib; sourceTree = SDKROOT; };
		E2EDEC7D13C66889004EA1B9 /* RootViewController.h */ = {isa = PBXFileReference; fileEncoding = 4; lastKnownFileType = sourcecode.c.h; path = RootViewController.h; sourceTree = "<group>"; };
		E2EDEC7E13C66889004EA1B9 /* RootViewController.m */ = {isa = PBXFileReference; fileEncoding = 4; lastKnownFileType = sourcecode.c.objc; path = RootViewController.m; sourceTree = "<group>"; };
		E2EDEC7F13C66889004EA1B9 /* RootViewController.xib */ = {isa = PBXFileReference; lastKnownFileType = file.xib; path = RootViewController.xib; sourceTree = "<group>"; };
		E2F5A6C613CBADC000A2169B /* Item.h */ = {isa = PBXFileReference; fileEncoding = 4; lastKnownFileType = sourcecode.c.h; path = Item.h; sourceTree = "<group>"; };
		E2F5A6C713CBADC000A2169B /* Item.m */ = {isa = PBXFileReference; fileEncoding = 4; lastKnownFileType = sourcecode.c.objc; path = Item.m; sourceTree = "<group>"; };
/* End PBXFileReference section */

/* Begin PBXFrameworksBuildPhase section */
		1D60588F0D05DD3D006BFB54 /* Frameworks */ = {
			isa = PBXFrameworksBuildPhase;
			buildActionMask = 2147483647;
			files = (
				1D60589F0D05DD5A006BFB54 /* Foundation.framework in Frameworks */,
				1DF5F4E00D08C38300B7A737 /* UIKit.framework in Frameworks */,
				288765A50DF7441C002DB57D /* CoreGraphics.framework in Frameworks */,
				28D801B40F44B63D00FB423F /* CoreData.framework in Frameworks */,
				E2EDEBB313C65C9C004EA1B9 /* CFNetwork.framework in Frameworks */,
				E2EDEBB513C65C9C004EA1B9 /* MobileCoreServices.framework in Frameworks */,
				E2EDEBB713C65C9C004EA1B9 /* SystemConfiguration.framework in Frameworks */,
				E2EDEBB913C65C9C004EA1B9 /* libz.1.2.3.dylib in Frameworks */,
			);
			runOnlyForDeploymentPostprocessing = 0;
		};
		E2ABC99413C7DC8D0067D8CE /* Frameworks */ = {
			isa = PBXFrameworksBuildPhase;
			buildActionMask = 2147483647;
			files = (
				E2ABC9B713C7DDE80067D8CE /* GHUnitIOS.framework in Frameworks */,
				E2ABC9D613C7DEB60067D8CE /* CoreGraphics.framework in Frameworks */,
				E2ABC9D713C7DEB60067D8CE /* Foundation.framework in Frameworks */,
				E2ABC9D813C7DEB60067D8CE /* UIKit.framework in Frameworks */,
			);
			runOnlyForDeploymentPostprocessing = 0;
		};
/* End PBXFrameworksBuildPhase section */

/* Begin PBXGroup section */
		080E96DDFE201D6D7F000001 /* Classes */ = {
			isa = PBXGroup;
			children = (
				1D3623240D0F684500981E51 /* NTRSSReaderAppDelegate.h */,
				1D3623250D0F684500981E51 /* NTRSSReaderAppDelegate.m */,
				E2EDEC7D13C66889004EA1B9 /* RootViewController.h */,
				E2EDEC7E13C66889004EA1B9 /* RootViewController.m */,
				E2EDEC7F13C66889004EA1B9 /* RootViewController.xib */,
				E21AFA0413CE1473004E1F5D /* ArticleViewController.h */,
				E21AFA0513CE1473004E1F5D /* ArticleViewController.m */,
				E21AFA3413CE16F3004E1F5D /* NTErrorHandler.h */,
				E21AFA3513CE16F3004E1F5D /* NTErrorHandler.m */,
				E21AFA4813CE1AE7004E1F5D /* NTToolbar.h */,
				E21AFA4913CE1AE7004E1F5D /* NTToolbar.m */,
				E21AFADE13CE21AC004E1F5D /* NTRSSLoader.h */,
				E21AFADF13CE21AC004E1F5D /* NTRSSLoader.m */,
				E282113213D0E78900E0D583 /* Config.h */,
			);
			path = Classes;
			sourceTree = "<group>";
		};
		19C28FACFE9D520D11CA2CBB /* Products */ = {
			isa = PBXGroup;
			children = (
				1D6058910D05DD3D006BFB54 /* NTRSSReader.app */,
				E2ABC99613C7DC8D0067D8CE /* NTRSSReaderTests.app */,
			);
			name = Products;
			sourceTree = "<group>";
		};
		29B97314FDCFA39411CA2CEA /* CustomTemplate */ = {
			isa = PBXGroup;
			children = (
				E2ABC9DD13C7E09D0067D8CE /* Tests */,
				E2EDEB8313C65B6C004EA1B9 /* lib */,
				080E96DDFE201D6D7F000001 /* Classes */,
				29B97315FDCFA39411CA2CEA /* Other Sources */,
				29B97317FDCFA39411CA2CEA /* Resources */,
				E27B270313CA5E1B00CCED45 /* Resources-iPad */,
				29B97323FDCFA39411CA2CEA /* Frameworks */,
				19C28FACFE9D520D11CA2CBB /* Products */,
				E2ABC99813C7DC8D0067D8CE /* Tests-Info.plist */,
			);
			name = CustomTemplate;
			sourceTree = "<group>";
		};
		29B97315FDCFA39411CA2CEA /* Other Sources */ = {
			isa = PBXGroup;
			children = (
				E2ABC9D013C7DE410067D8CE /* Tests_Prefix.pch */,
				32CA4F630368D1EE00C91783 /* NTRSSReader_Prefix.pch */,
				29B97316FDCFA39411CA2CEA /* main.m */,
			);
			name = "Other Sources";
			sourceTree = "<group>";
		};
		29B97317FDCFA39411CA2CEA /* Resources */ = {
			isa = PBXGroup;
			children = (
				2819305F112F816700ECF9B4 /* NTRSSReader.xcdatamodeld */,
				28AD733E0D9D9553002E5188 /* MainWindow.xib */,
				8D1107310486CEB800E47090 /* NTRSSReader-Info.plist */,
			);
			name = Resources;
			sourceTree = "<group>";
		};
		29B97323FDCFA39411CA2CEA /* Frameworks */ = {
			isa = PBXGroup;
			children = (
				E2ABC9B613C7DDE80067D8CE /* GHUnitIOS.framework */,
				1DF5F4DF0D08C38300B7A737 /* UIKit.framework */,
				1D30AB110D05D00D00671497 /* Foundation.framework */,
				288765A40DF7441C002DB57D /* CoreGraphics.framework */,
				28D801B30F44B63D00FB423F /* CoreData.framework */,
				E2EDEBB213C65C9C004EA1B9 /* CFNetwork.framework */,
				E2EDEBB413C65C9C004EA1B9 /* MobileCoreServices.framework */,
				E2EDEBB613C65C9C004EA1B9 /* SystemConfiguration.framework */,
				E2EDEBB813C65C9C004EA1B9 /* libz.1.2.3.dylib */,
			);
			name = Frameworks;
			sourceTree = "<group>";
		};
		E27B270313CA5E1B00CCED45 /* Resources-iPad */ = {
			isa = PBXGroup;
			children = (
				E27B270413CA5E1C00CCED45 /* MainWindow-iPad.xib */,
			);
			name = "Resources-iPad";
			sourceTree = "<group>";
		};
		E2ABC9DD13C7E09D0067D8CE /* Tests */ = {
			isa = PBXGroup;
			children = (
				E2ABCA1713C7E22B0067D8CE /* ReaderTests.m */,
				E2ABC9DB13C7E0990067D8CE /* GHUnitIOSTestMain.m */,
			);
			name = Tests;
			sourceTree = "<group>";
		};
		E2EDEB8313C65B6C004EA1B9 /* lib */ = {
			isa = PBXGroup;
			children = (
				E2EDEB8413C65B6C004EA1B9 /* ASIHTTPRequest */,
				E2EDEB9C13C65B6C004EA1B9 /* GDataXML */,
			);
			name = lib;
			path = ../ntrssreader/lib;
			sourceTree = SOURCE_ROOT;
		};
		E2EDEB8413C65B6C004EA1B9 /* ASIHTTPRequest */ = {
			isa = PBXGroup;
			children = (
				E2EDEB8513C65B6C004EA1B9 /* ASIAuthenticationDialog.h */,
				E2EDEB8613C65B6C004EA1B9 /* ASIAuthenticationDialog.m */,
				E2EDEB8713C65B6C004EA1B9 /* ASICacheDelegate.h */,
				E2EDEB8813C65B6C004EA1B9 /* ASIDataCompressor.h */,
				E2EDEB8913C65B6C004EA1B9 /* ASIDataCompressor.m */,
				E2EDEB8A13C65B6C004EA1B9 /* ASIDataDecompressor.h */,
				E2EDEB8B13C65B6C004EA1B9 /* ASIDataDecompressor.m */,
				E2EDEB8C13C65B6C004EA1B9 /* ASIDownloadCache.h */,
				E2EDEB8D13C65B6C004EA1B9 /* ASIDownloadCache.m */,
				E2EDEB8E13C65B6C004EA1B9 /* ASIFormDataRequest.h */,
				E2EDEB8F13C65B6C004EA1B9 /* ASIFormDataRequest.m */,
				E2EDEB9013C65B6C004EA1B9 /* ASIHTTPRequest.h */,
				E2EDEB9113C65B6C004EA1B9 /* ASIHTTPRequest.m */,
				E2EDEB9213C65B6C004EA1B9 /* ASIHTTPRequestConfig.h */,
				E2EDEB9313C65B6C004EA1B9 /* ASIHTTPRequestDelegate.h */,
				E2EDEB9413C65B6C004EA1B9 /* ASIInputStream.h */,
				E2EDEB9513C65B6C004EA1B9 /* ASIInputStream.m */,
				E2EDEB9613C65B6C004EA1B9 /* ASINetworkQueue.h */,
				E2EDEB9713C65B6C004EA1B9 /* ASINetworkQueue.m */,
				E2EDEB9813C65B6C004EA1B9 /* ASIProgressDelegate.h */,
				E2EDEB9913C65B6C004EA1B9 /* ASIWebPageRequest */,
				E2EDEB9A13C65B6C004EA1B9 /* Reachability.h */,
				E2EDEB9B13C65B6C004EA1B9 /* Reachability.m */,
			);
			path = ASIHTTPRequest;
			sourceTree = "<group>";
		};
		E2EDEB9913C65B6C004EA1B9 /* ASIWebPageRequest */ = {
			isa = PBXGroup;
			children = (
			);
			path = ASIWebPageRequest;
			sourceTree = "<group>";
		};
		E2EDEB9C13C65B6C004EA1B9 /* GDataXML */ = {
			isa = PBXGroup;
			children = (
				E2EDEB9D13C65B6C004EA1B9 /* GDataXMLNode.h */,
				E2EDEB9E13C65B6C004EA1B9 /* GDataXMLNode.m */,
			);
			path = GDataXML;
			sourceTree = "<group>";
		};
/* End PBXGroup section */

/* Begin PBXNativeTarget section */
		1D6058900D05DD3D006BFB54 /* NTRSSReader */ = {
			isa = PBXNativeTarget;
			buildConfigurationList = 1D6058960D05DD3E006BFB54 /* Build configuration list for PBXNativeTarget "NTRSSReader" */;
			buildPhases = (
				1D60588D0D05DD3D006BFB54 /* Resources */,
				1D60588E0D05DD3D006BFB54 /* Sources */,
				1D60588F0D05DD3D006BFB54 /* Frameworks */,
			);
			buildRules = (
			);
			dependencies = (
			);
			name = NTRSSReader;
			productName = NTRSSReader;
			productReference = 1D6058910D05DD3D006BFB54 /* NTRSSReader.app */;
			productType = "com.apple.product-type.application";
		};
		E2ABC99513C7DC8D0067D8CE /* NTRSSReaderTests */ = {
			isa = PBXNativeTarget;
			buildConfigurationList = E2ABC99B13C7DC8D0067D8CE /* Build configuration list for PBXNativeTarget "NTRSSReaderTests" */;
			buildPhases = (
				E2ABC99213C7DC8D0067D8CE /* Resources */,
				E2ABC99313C7DC8D0067D8CE /* Sources */,
				E2ABC99413C7DC8D0067D8CE /* Frameworks */,
			);
			buildRules = (
			);
			dependencies = (
				E2ABC9D213C7DE9A0067D8CE /* PBXTargetDependency */,
			);
			name = NTRSSReaderTests;
			productName = Tests;
			productReference = E2ABC99613C7DC8D0067D8CE /* NTRSSReaderTests.app */;
			productType = "com.apple.product-type.application";
		};
/* End PBXNativeTarget section */

/* Begin PBXProject section */
		29B97313FDCFA39411CA2CEA /* Project object */ = {
			isa = PBXProject;
			buildConfigurationList = C01FCF4E08A954540054247B /* Build configuration list for PBXProject "NTRSSReader" */;
			compatibilityVersion = "Xcode 3.2";
			developmentRegion = English;
			hasScannedForEncodings = 1;
			knownRegions = (
				English,
				Japanese,
				French,
				German,
			);
			mainGroup = 29B97314FDCFA39411CA2CEA /* CustomTemplate */;
			projectDirPath = "";
			projectRoot = "";
			targets = (
				1D6058900D05DD3D006BFB54 /* NTRSSReader */,
				E2ABC99513C7DC8D0067D8CE /* NTRSSReaderTests */,
			);
		};
/* End PBXProject section */

/* Begin PBXResourcesBuildPhase section */
		1D60588D0D05DD3D006BFB54 /* Resources */ = {
			isa = PBXResourcesBuildPhase;
			buildActionMask = 2147483647;
			files = (
				28AD733F0D9D9553002E5188 /* MainWindow.xib in Resources */,
				E2EDEC8113C66889004EA1B9 /* RootViewController.xib in Resources */,
				E27B270513CA5E1C00CCED45 /* MainWindow-iPad.xib in Resources */,
			);
			runOnlyForDeploymentPostprocessing = 0;
		};
		E2ABC99213C7DC8D0067D8CE /* Resources */ = {
			isa = PBXResourcesBuildPhase;
			buildActionMask = 2147483647;
			files = (
			);
			runOnlyForDeploymentPostprocessing = 0;
		};
/* End PBXResourcesBuildPhase section */

/* Begin PBXSourcesBuildPhase section */
		1D60588E0D05DD3D006BFB54 /* Sources */ = {
			isa = PBXSourcesBuildPhase;
			buildActionMask = 2147483647;
			files = (
				1D60589B0D05DD56006BFB54 /* main.m in Sources */,
				1D3623260D0F684500981E51 /* NTRSSReaderAppDelegate.m in Sources */,
				28193060112F816700ECF9B4 /* NTRSSReader.xcdatamodeld in Sources */,
				E2EDEB9F13C65B6C004EA1B9 /* ASIAuthenticationDialog.m in Sources */,
				E2EDEBA013C65B6C004EA1B9 /* ASIDataCompressor.m in Sources */,
				E2EDEBA113C65B6C004EA1B9 /* ASIDataDecompressor.m in Sources */,
				E2EDEBA213C65B6C004EA1B9 /* ASIDownloadCache.m in Sources */,
				E2EDEBA313C65B6C004EA1B9 /* ASIFormDataRequest.m in Sources */,
				E2EDEBA413C65B6C004EA1B9 /* ASIHTTPRequest.m in Sources */,
				E2EDEBA513C65B6C004EA1B9 /* ASIInputStream.m in Sources */,
				E2EDEBA613C65B6C004EA1B9 /* ASINetworkQueue.m in Sources */,
				E2EDEBA713C65B6C004EA1B9 /* Reachability.m in Sources */,
				E2EDEBA813C65B6C004EA1B9 /* GDataXMLNode.m in Sources */,
				E2EDEC8013C66889004EA1B9 /* RootViewController.m in Sources */,
				E2F5A6C813CBADC000A2169B /* Item.m in Sources */,
				E21AFA0613CE1473004E1F5D /* ArticleViewController.m in Sources */,
				E21AFA3613CE16F3004E1F5D /* NTErrorHandler.m in Sources */,
				E21AFA4A13CE1AE7004E1F5D /* NTToolbar.m in Sources */,
				E21AFAE013CE21AC004E1F5D /* NTRSSLoader.m in Sources */,
			);
			runOnlyForDeploymentPostprocessing = 0;
		};
		E2ABC99313C7DC8D0067D8CE /* Sources */ = {
			isa = PBXSourcesBuildPhase;
			buildActionMask = 2147483647;
			files = (
				E2ABC9DC13C7E0990067D8CE /* GHUnitIOSTestMain.m in Sources */,
				E2ABCA1813C7E22B0067D8CE /* ReaderTests.m in Sources */,
			);
			runOnlyForDeploymentPostprocessing = 0;
		};
/* End PBXSourcesBuildPhase section */

/* Begin PBXTargetDependency section */
		E2ABC9D213C7DE9A0067D8CE /* PBXTargetDependency */ = {
			isa = PBXTargetDependency;
			target = 1D6058900D05DD3D006BFB54 /* NTRSSReader */;
			targetProxy = E2ABC9D113C7DE9A0067D8CE /* PBXContainerItemProxy */;
		};
/* End PBXTargetDependency section */

/* Begin XCBuildConfiguration section */
		1D6058940D05DD3E006BFB54 /* Debug */ = {
			isa = XCBuildConfiguration;
			buildSettings = {
				ALWAYS_SEARCH_USER_PATHS = NO;
				ARCHS = "$(ARCHS_STANDARD_32_BIT)";
				COPY_PHASE_STRIP = NO;
				GCC_DYNAMIC_NO_PIC = NO;
				GCC_OPTIMIZATION_LEVEL = 0;
				GCC_PRECOMPILE_PREFIX_HEADER = YES;
				GCC_PREFIX_HEADER = NTRSSReader_Prefix.pch;
				INFOPLIST_FILE = "NTRSSReader-Info.plist";
				IPHONEOS_DEPLOYMENT_TARGET = 3.1.3;
				PRODUCT_NAME = NTRSSReader;
				SDKROOT = iphoneos;
				TARGETED_DEVICE_FAMILY = "1,2";
			};
			name = Debug;
		};
		1D6058950D05DD3E006BFB54 /* Release */ = {
			isa = XCBuildConfiguration;
			buildSettings = {
				ALWAYS_SEARCH_USER_PATHS = NO;
				ARCHS = "$(ARCHS_STANDARD_32_BIT)";
				COPY_PHASE_STRIP = YES;
				GCC_PRECOMPILE_PREFIX_HEADER = YES;
				GCC_PREFIX_HEADER = NTRSSReader_Prefix.pch;
				INFOPLIST_FILE = "NTRSSReader-Info.plist";
				IPHONEOS_DEPLOYMENT_TARGET = 3.1.3;
				PRODUCT_NAME = NTRSSReader;
				SDKROOT = iphoneos;
				TARGETED_DEVICE_FAMILY = "1,2";
				VALIDATE_PRODUCT = YES;
			};
			name = Release;
		};
		C01FCF4F08A954540054247B /* Debug */ = {
			isa = XCBuildConfiguration;
			buildSettings = {
				ARCHS = "$(ARCHS_STANDARD_32_BIT)";
				"CODE_SIGN_IDENTITY[sdk=iphoneos*]" = "iPhone Developer";
				GCC_C_LANGUAGE_STANDARD = c99;
				GCC_WARN_ABOUT_RETURN_TYPE = YES;
				GCC_WARN_UNUSED_VARIABLE = YES;
				HEADER_SEARCH_PATHS = "/usr/include/libxml2/**";
				IPHONEOS_DEPLOYMENT_TARGET = 3.1.3;
				OTHER_LDFLAGS = "-lxml2";
				PREBINDING = NO;
				SDKROOT = iphoneos;
			};
			name = Debug;
		};
		C01FCF5008A954540054247B /* Release */ = {
			isa = XCBuildConfiguration;
			buildSettings = {
				ARCHS = "$(ARCHS_STANDARD_32_BIT)";
				"CODE_SIGN_IDENTITY[sdk=iphoneos*]" = "iPhone Developer";
				GCC_C_LANGUAGE_STANDARD = c99;
				GCC_WARN_ABOUT_RETURN_TYPE = YES;
				GCC_WARN_UNUSED_VARIABLE = YES;
				HEADER_SEARCH_PATHS = "/usr/include/libxml2/**";
				IPHONEOS_DEPLOYMENT_TARGET = 3.1.3;
				OTHER_CFLAGS = "-DNS_BLOCK_ASSERTIONS=1";
				OTHER_LDFLAGS = "-lxml2";
				PREBINDING = NO;
				SDKROOT = iphoneos;
			};
			name = Release;
		};
		E2ABC99913C7DC8D0067D8CE /* Debug */ = {
			isa = XCBuildConfiguration;
			buildSettings = {
				ALWAYS_SEARCH_USER_PATHS = NO;
				CODE_SIGN_IDENTITY = "iPhone Developer";
				COPY_PHASE_STRIP = NO;
				FRAMEWORK_SEARCH_PATHS = (
					"\"$(SRCROOT)/../ntrssreader/lib/GHUnitIOS.framework/Headers\"",
					"$(inherited)",
					"\"$(SRCROOT)\"",
					"\"$(SRCROOT)/../ntrssreader/lib\"",
				);
				GCC_DYNAMIC_NO_PIC = NO;
				GCC_OPTIMIZATION_LEVEL = 0;
				GCC_PRECOMPILE_PREFIX_HEADER = YES;
				GCC_PREFIX_HEADER = "$(SYSTEM_LIBRARY_DIR)/Frameworks/UIKit.framework/Headers/UIKit.h";
				INFOPLIST_FILE = "Tests-Info.plist";
				INSTALL_PATH = "$(HOME)/Applications";
				OTHER_LDFLAGS = (
					"-ObjC",
					"-all_load",
					"-framework",
					Foundation,
					"-framework",
					UIKit,
				);
				PREBINDING = NO;
				PRODUCT_NAME = NTRSSReaderTests;
				SDKROOT = iphoneos;
			};
			name = Debug;
		};
		E2ABC99A13C7DC8D0067D8CE /* Release */ = {
			isa = XCBuildConfiguration;
			buildSettings = {
				ALWAYS_SEARCH_USER_PATHS = NO;
				CODE_SIGN_IDENTITY = "iPhone Developer";
				COPY_PHASE_STRIP = YES;
				DEBUG_INFORMATION_FORMAT = "dwarf-with-dsym";
				FRAMEWORK_SEARCH_PATHS = (
					"\"$(SRCROOT)/../ntrssreader/lib/GHUnitIOS.framework/Headers\"",
					"$(inherited)",
					"\"$(SRCROOT)\"",
					"\"$(SRCROOT)/../ntrssreader/lib\"",
				);
				GCC_ENABLE_FIX_AND_CONTINUE = NO;
				GCC_PRECOMPILE_PREFIX_HEADER = YES;
				GCC_PREFIX_HEADER = "$(SYSTEM_LIBRARY_DIR)/Frameworks/UIKit.framework/Headers/UIKit.h";
				INFOPLIST_FILE = "Tests-Info.plist";
				INSTALL_PATH = "$(HOME)/Applications";
				OTHER_LDFLAGS = (
					"-ObjC",
					"-all_load",
					"-framework",
					Foundation,
					"-framework",
					UIKit,
				);
				PREBINDING = NO;
				PRODUCT_NAME = NTRSSReaderTests;
				SDKROOT = iphoneos;
				ZERO_LINK = NO;
			};
			name = Release;
		};
/* End XCBuildConfiguration section */

/* Begin XCConfigurationList section */
		1D6058960D05DD3E006BFB54 /* Build configuration list for PBXNativeTarget "NTRSSReader" */ = {
			isa = XCConfigurationList;
			buildConfigurations = (
				1D6058940D05DD3E006BFB54 /* Debug */,
				1D6058950D05DD3E006BFB54 /* Release */,
			);
			defaultConfigurationIsVisible = 0;
			defaultConfigurationName = Release;
		};
		C01FCF4E08A954540054247B /* Build configuration list for PBXProject "NTRSSReader" */ = {
			isa = XCConfigurationList;
			buildConfigurations = (
				C01FCF4F08A954540054247B /* Debug */,
				C01FCF5008A954540054247B /* Release */,
			);
			defaultConfigurationIsVisible = 0;
			defaultConfigurationName = Release;
		};
		E2ABC99B13C7DC8D0067D8CE /* Build configuration list for PBXNativeTarget "NTRSSReaderTests" */ = {
			isa = XCConfigurationList;
			buildConfigurations = (
				E2ABC99913C7DC8D0067D8CE /* Debug */,
				E2ABC99A13C7DC8D0067D8CE /* Release */,
			);
			defaultConfigurationIsVisible = 0;
			defaultConfigurationName = Release;
		};
/* End XCConfigurationList section */

/* Begin XCVersionGroup section */
		2819305F112F816700ECF9B4 /* NTRSSReader.xcdatamodeld */ = {
			isa = XCVersionGroup;
			children = (
				28C3AD890F43EF2300507BA6 /* NTRSSReader.xcdatamodel */,
				E2F5A6C613CBADC000A2169B /* Item.h */,
				E2F5A6C713CBADC000A2169B /* Item.m */,
			);
			currentVersion = 28C3AD890F43EF2300507BA6 /* NTRSSReader.xcdatamodel */;
			path = NTRSSReader.xcdatamodeld;
			sourceTree = "<group>";
			versionGroupType = wrapper.xcdatamodel;
		};
/* End XCVersionGroup section */
	};
	rootObject = 29B97313FDCFA39411CA2CEA /* Project object */;
}
